
Microsoft Visual Studio Solution File, Format Version 12.00
Project("{FAE04EC0-301F-11D3-BF4B-00C04F79EFBC}") = "Boonkrua.Api", "Boonkrua.Api\Boonkrua.Api.csproj", "{437CCB68-F374-43B8-8842-84A15ED7C96E}"
EndProject
Project("{FAE04EC0-301F-11D3-BF4B-00C04F79EFBC}") = "Boonkrua.Shared", "Boonkrua.Shared\Boonkrua.Shared.csproj", "{B0C36889-7F67-4778-92C1-37889E5D1D02}"
EndProject
Project("{FAE04EC0-301F-11D3-BF4B-00C04F79EFBC}") = "Boonkrua.Service", "Boonkrua.Service\Boonkrua.Service.csproj", "{4D03CAC1-FFB7-4E3F-A1A8-FB92267A1F0B}"
EndProject
Project("{FAE04EC0-301F-11D3-BF4B-00C04F79EFBC}") = "Boonkrua.Data", "Boonkrua.Data\Boonkrua.Data.csproj", "{0F41ADF4-04CD-4BEE-AF63-8313118D5ABD}"
EndProject
Project("{FAE04EC0-301F-11D3-BF4B-00C04F79EFBC}") = "Boonkrua.IoC.Configuration", "Boonkrua.IoC.Configuration\Boonkrua.IoC.Configuration.csproj", "{48DB36B9-F163-4965-AC05-256C76E94129}"
EndProject
Project("{2150E333-8FDC-42A3-9474-1A3956D46DE8}") = "Presentation", "Presentation", "{32844FA6-6736-4147-BD69-8C667B38AEE1}"
EndProject
Project("{2150E333-8FDC-42A3-9474-1A3956D46DE8}") = "Application", "Application", "{7562BD86-A5D2-4E6C-888F-083A5CE1A052}"
EndProject
Project("{2150E333-8FDC-42A3-9474-1A3956D46DE8}") = "Infrastructure", "Infrastructure", "{CF11F911-528C-473B-9F61-1FA00BDF98DD}"
EndProject
Project("{2150E333-8FDC-42A3-9474-1A3956D46DE8}") = "Shared", "Shared", "{02ED804B-9C20-49C0-898B-D3F0A1C27F12}"
EndProject
Global
	GlobalSection(SolutionConfigurationPlatforms) = preSolution
		Debug|Any CPU = Debug|Any CPU
		Release|Any CPU = Release|Any CPU
	EndGlobalSection
	GlobalSection(ProjectConfigurationPlatforms) = postSolution
		{437CCB68-F374-43B8-8842-84A15ED7C96E}.Debug|Any CPU.ActiveCfg = Debug|Any CPU
		{437CCB68-F374-43B8-8842-84A15ED7C96E}.Debug|Any CPU.Build.0 = Debug|Any CPU
		{437CCB68-F374-43B8-8842-84A15ED7C96E}.Release|Any CPU.ActiveCfg = Release|Any CPU
		{437CCB68-F374-43B8-8842-84A15ED7C96E}.Release|Any CPU.Build.0 = Release|Any CPU
		{B0C36889-7F67-4778-92C1-37889E5D1D02}.Debug|Any CPU.ActiveCfg = Debug|Any CPU
		{B0C36889-7F67-4778-92C1-37889E5D1D02}.Debug|Any CPU.Build.0 = Debug|Any CPU
		{B0C36889-7F67-4778-92C1-37889E5D1D02}.Release|Any CPU.ActiveCfg = Release|Any CPU
		{B0C36889-7F67-4778-92C1-37889E5D1D02}.Release|Any CPU.Build.0 = Release|Any CPU
		{4D03CAC1-FFB7-4E3F-A1A8-FB92267A1F0B}.Debug|Any CPU.ActiveCfg = Debug|Any CPU
		{4D03CAC1-FFB7-4E3F-A1A8-FB92267A1F0B}.Debug|Any CPU.Build.0 = Debug|Any CPU
		{4D03CAC1-FFB7-4E3F-A1A8-FB92267A1F0B}.Release|Any CPU.ActiveCfg = Release|Any CPU
		{4D03CAC1-FFB7-4E3F-A1A8-FB92267A1F0B}.Release|Any CPU.Build.0 = Release|Any CPU
		{0F41ADF4-04CD-4BEE-AF63-8313118D5ABD}.Debug|Any CPU.ActiveCfg = Debug|Any CPU
		{0F41ADF4-04CD-4BEE-AF63-8313118D5ABD}.Debug|Any CPU.Build.0 = Debug|Any CPU
		{0F41ADF4-04CD-4BEE-AF63-8313118D5ABD}.Release|Any CPU.ActiveCfg = Release|Any CPU
		{0F41ADF4-04CD-4BEE-AF63-8313118D5ABD}.Release|Any CPU.Build.0 = Release|Any CPU
		{48DB36B9-F163-4965-AC05-256C76E94129}.Debug|Any CPU.ActiveCfg = Debug|Any CPU
		{48DB36B9-F163-4965-AC05-256C76E94129}.Debug|Any CPU.Build.0 = Debug|Any CPU
		{48DB36B9-F163-4965-AC05-256C76E94129}.Release|Any CPU.ActiveCfg = Release|Any CPU
		{48DB36B9-F163-4965-AC05-256C76E94129}.Release|Any CPU.Build.0 = Release|Any CPU
	EndGlobalSection
	GlobalSection(NestedProjects) = preSolution
		{437CCB68-F374-43B8-8842-84A15ED7C96E} = {32844FA6-6736-4147-BD69-8C667B38AEE1}
		{48DB36B9-F163-4965-AC05-256C76E94129} = {32844FA6-6736-4147-BD69-8C667B38AEE1}
		{4D03CAC1-FFB7-4E3F-A1A8-FB92267A1F0B} = {7562BD86-A5D2-4E6C-888F-083A5CE1A052}
		{0F41ADF4-04CD-4BEE-AF63-8313118D5ABD} = {CF11F911-528C-473B-9F61-1FA00BDF98DD}
		{B0C36889-7F67-4778-92C1-37889E5D1D02} = {02ED804B-9C20-49C0-898B-D3F0A1C27F12}
	EndGlobalSection
EndGlobal
