
Microsoft Visual Studio Solution File, Format Version 12.00
Project("{FAE04EC0-301F-11D3-BF4B-00C04F79EFBC}") = "Boonkrua", "Boonkrua\Boonkrua.csproj", "{437CCB68-F374-43B8-8842-84A15ED7C96E}"
EndProject
Global
	GlobalSection(SolutionConfigurationPlatforms) = preSolution
		Debug|Any CPU = Debug|Any CPU
		Release|Any CPU = Release|Any CPU
	EndGlobalSection
	GlobalSection(ProjectConfigurationPlatforms) = postSolution
		{437CCB68-F374-43B8-8842-84A15ED7C96E}.Debug|Any CPU.ActiveCfg = Debug|Any CPU
		{437CCB68-F374-43B8-8842-84A15ED7C96E}.Debug|Any CPU.Build.0 = Debug|Any CPU
		{437CCB68-F374-43B8-8842-84A15ED7C96E}.Release|Any CPU.ActiveCfg = Release|Any CPU
		{437CCB68-F374-43B8-8842-84A15ED7C96E}.Release|Any CPU.Build.0 = Release|Any CPU
	EndGlobalSection
EndGlobal
